
Microsoft Visual Studio Solution File, Format Version 12.00
# Visual Studio Version 17
VisualStudioVersion = 17.3.32929.385
MinimumVisualStudioVersion = 10.0.40219.1
Project("{FAE04EC0-301F-11D3-BF4B-00C04F79EFBC}") = "Tarea4", "Tarea4\Tarea4.csproj", "{F2DE0A5D-BA0E-4F88-9636-AE4583615706}"
EndProject
Global
	GlobalSection(SolutionConfigurationPlatforms) = preSolution
		Debug|Any CPU = Debug|Any CPU
		Release|Any CPU = Release|Any CPU
	EndGlobalSection
	GlobalSection(ProjectConfigurationPlatforms) = postSolution
		{F2DE0A5D-BA0E-4F88-9636-AE4583615706}.Debug|Any CPU.ActiveCfg = Debug|Any CPU
		{F2DE0A5D-BA0E-4F88-9636-AE4583615706}.Debug|Any CPU.Build.0 = Debug|Any CPU
		{F2DE0A5D-BA0E-4F88-9636-AE4583615706}.Release|Any CPU.ActiveCfg = Release|Any CPU
		{F2DE0A5D-BA0E-4F88-9636-AE4583615706}.Release|Any CPU.Build.0 = Release|Any CPU
	EndGlobalSection
	GlobalSection(SolutionProperties) = preSolution
		HideSolutionNode = FALSE
	EndGlobalSection
	GlobalSection(ExtensibilityGlobals) = postSolution
		SolutionGuid = {720D5A34-0C0E-44E8-B9A8-8942CF3B9AB5}
	EndGlobalSection
EndGlobal
